github.com/Binject/debug v0.0.0-20211007083345-9605c99179ee h1:neBp9wDYVY4Uu1gGlrL+IL4JeZslz+hGEAjBXGAPWak=
github.com/Binject/debug v0.0.0-20211007083345-9605c99179ee/go.mod h1:QzgxDLY/qdKlvnbnb65eqTedhvQPbaSP2NqIbcuKvsQ=
golang.org/x/sys v0.0.0-20220928140112-f11e5e49a4ec h1:BkDtF2Ih9xZ7le9ndzTA7KJow28VbQW3odyk/8drmuI=
golang.org/x/sys v0.0.0-20220928140112-f11e5e49a4ec/go.mod h1:oPkhp1MJrh7nUepCBck5+mAzfO9JrbApNNgaTdGDITg=
